
Microsoft Visual Studio Solution File, Format Version 12.00
# Visual Studio 14
VisualStudioVersion = 14.0.25420.1
MinimumVisualStudioVersion = 10.0.40219.1
Project("{FAE04EC0-301F-11D3-BF4B-00C04F79EFBC}") = "Logify.Alert.Win", "Logify.Alert.Win\Logify.Alert.Win.csproj", "{72B7DD71-E7BD-42C5-9F5A-9C9A4B28A3CF}"
EndProject
Project("{FAE04EC0-301F-11D3-BF4B-00C04F79EFBC}") = "Logify.Alert.Wpf", "Logify.Alert.Wpf\Logify.Alert.Wpf.csproj", "{F6D512E9-D2FB-4EBE-BA0E-B7403CF99258}"
EndProject
Project("{FAE04EC0-301F-11D3-BF4B-00C04F79EFBC}") = "Logify.Alert.Web", "Logify.Alert.Web\Logify.Alert.Web.csproj", "{EBB47477-430A-4BE9-BD39-6348D47909E4}"
EndProject
Project("{FAE04EC0-301F-11D3-BF4B-00C04F79EFBC}") = "Logify.Alert.Log4Net", "Logify.Alert.Log4Net\Logify.Alert.Log4Net.csproj", "{002529E8-41E4-4883-9884-7116A7E7CD9C}"
EndProject
Project("{FAE04EC0-301F-11D3-BF4B-00C04F79EFBC}") = "LogifySend", "Logify.Alert.Send\LogifySend.csproj", "{3389524B-1B0B-477D-8ABA-A35F918154F7}"
EndProject
Project("{FAE04EC0-301F-11D3-BF4B-00C04F79EFBC}") = "Logify.Alert.Core", "Logify.Alert.Core\Logify.Alert.Core.csproj", "{E6FE00AA-7637-4697-B25B-A3D340596FE7}"
EndProject
Project("{FAE04EC0-301F-11D3-BF4B-00C04F79EFBC}") = "Logify.Alert.NLog", "Logify.Alert.NLog\Logify.Alert.NLog.csproj", "{DE7161B6-336C-4D9E-BFA8-7EFE8C3FC4D9}"
EndProject
Project("{FAE04EC0-301F-11D3-BF4B-00C04F79EFBC}") = "Logify.Alert.Serilog", "Logify.Alert.Serilog\Logify.Alert.Serilog.csproj", "{AF2D3554-AB15-40CC-8A86-E1161EA75B82}"
EndProject
Project("{FAE04EC0-301F-11D3-BF4B-00C04F79EFBC}") = "Logify.Alert.Console", "Logify.Alert.Console\Logify.Alert.Console.csproj", "{201AF3B1-DB1D-4CF0-85A3-E03295DBE36F}"
EndProject
Global
	GlobalSection(SolutionConfigurationPlatforms) = preSolution
		Debug40|Any CPU = Debug40|Any CPU
		Debug45|Any CPU = Debug45|Any CPU
		Release40|Any CPU = Release40|Any CPU
		Release45|Any CPU = Release45|Any CPU
	EndGlobalSection
	GlobalSection(ProjectConfigurationPlatforms) = postSolution
		{72B7DD71-E7BD-42C5-9F5A-9C9A4B28A3CF}.Debug40|Any CPU.ActiveCfg = Debug40|Any CPU
		{72B7DD71-E7BD-42C5-9F5A-9C9A4B28A3CF}.Debug40|Any CPU.Build.0 = Debug40|Any CPU
		{72B7DD71-E7BD-42C5-9F5A-9C9A4B28A3CF}.Debug45|Any CPU.ActiveCfg = Debug45|Any CPU
		{72B7DD71-E7BD-42C5-9F5A-9C9A4B28A3CF}.Debug45|Any CPU.Build.0 = Debug45|Any CPU
		{72B7DD71-E7BD-42C5-9F5A-9C9A4B28A3CF}.Release40|Any CPU.ActiveCfg = Release40|Any CPU
		{72B7DD71-E7BD-42C5-9F5A-9C9A4B28A3CF}.Release40|Any CPU.Build.0 = Release40|Any CPU
		{72B7DD71-E7BD-42C5-9F5A-9C9A4B28A3CF}.Release45|Any CPU.ActiveCfg = Release45|Any CPU
		{72B7DD71-E7BD-42C5-9F5A-9C9A4B28A3CF}.Release45|Any CPU.Build.0 = Release45|Any CPU
		{F6D512E9-D2FB-4EBE-BA0E-B7403CF99258}.Debug40|Any CPU.ActiveCfg = Debug40|Any CPU
		{F6D512E9-D2FB-4EBE-BA0E-B7403CF99258}.Debug40|Any CPU.Build.0 = Debug40|Any CPU
		{F6D512E9-D2FB-4EBE-BA0E-B7403CF99258}.Debug45|Any CPU.ActiveCfg = Debug45|Any CPU
		{F6D512E9-D2FB-4EBE-BA0E-B7403CF99258}.Debug45|Any CPU.Build.0 = Debug45|Any CPU
		{F6D512E9-D2FB-4EBE-BA0E-B7403CF99258}.Release40|Any CPU.ActiveCfg = Release40|Any CPU
		{F6D512E9-D2FB-4EBE-BA0E-B7403CF99258}.Release40|Any CPU.Build.0 = Release40|Any CPU
		{F6D512E9-D2FB-4EBE-BA0E-B7403CF99258}.Release45|Any CPU.ActiveCfg = Release45|Any CPU
		{F6D512E9-D2FB-4EBE-BA0E-B7403CF99258}.Release45|Any CPU.Build.0 = Release45|Any CPU
		{EBB47477-430A-4BE9-BD39-6348D47909E4}.Debug40|Any CPU.ActiveCfg = Debug40|Any CPU
		{EBB47477-430A-4BE9-BD39-6348D47909E4}.Debug40|Any CPU.Build.0 = Debug40|Any CPU
		{EBB47477-430A-4BE9-BD39-6348D47909E4}.Debug45|Any CPU.ActiveCfg = Debug45|Any CPU
		{EBB47477-430A-4BE9-BD39-6348D47909E4}.Debug45|Any CPU.Build.0 = Debug45|Any CPU
		{EBB47477-430A-4BE9-BD39-6348D47909E4}.Release40|Any CPU.ActiveCfg = Release40|Any CPU
		{EBB47477-430A-4BE9-BD39-6348D47909E4}.Release40|Any CPU.Build.0 = Release40|Any CPU
		{EBB47477-430A-4BE9-BD39-6348D47909E4}.Release45|Any CPU.ActiveCfg = Release45|Any CPU
		{EBB47477-430A-4BE9-BD39-6348D47909E4}.Release45|Any CPU.Build.0 = Release45|Any CPU
		{002529E8-41E4-4883-9884-7116A7E7CD9C}.Debug40|Any CPU.ActiveCfg = Debug40|Any CPU
		{002529E8-41E4-4883-9884-7116A7E7CD9C}.Debug40|Any CPU.Build.0 = Debug40|Any CPU
		{002529E8-41E4-4883-9884-7116A7E7CD9C}.Debug45|Any CPU.ActiveCfg = Debug45|Any CPU
		{002529E8-41E4-4883-9884-7116A7E7CD9C}.Debug45|Any CPU.Build.0 = Debug45|Any CPU
		{002529E8-41E4-4883-9884-7116A7E7CD9C}.Release40|Any CPU.ActiveCfg = Release40|Any CPU
		{002529E8-41E4-4883-9884-7116A7E7CD9C}.Release40|Any CPU.Build.0 = Release40|Any CPU
		{002529E8-41E4-4883-9884-7116A7E7CD9C}.Release45|Any CPU.ActiveCfg = Release45|Any CPU
		{002529E8-41E4-4883-9884-7116A7E7CD9C}.Release45|Any CPU.Build.0 = Release45|Any CPU
		{3389524B-1B0B-477D-8ABA-A35F918154F7}.Debug40|Any CPU.ActiveCfg = Debug40|Any CPU
		{3389524B-1B0B-477D-8ABA-A35F918154F7}.Debug40|Any CPU.Build.0 = Debug40|Any CPU
		{3389524B-1B0B-477D-8ABA-A35F918154F7}.Debug45|Any CPU.ActiveCfg = Debug45|Any CPU
		{3389524B-1B0B-477D-8ABA-A35F918154F7}.Debug45|Any CPU.Build.0 = Debug45|Any CPU
		{3389524B-1B0B-477D-8ABA-A35F918154F7}.Release40|Any CPU.ActiveCfg = Debug40|Any CPU
		{3389524B-1B0B-477D-8ABA-A35F918154F7}.Release40|Any CPU.Build.0 = Debug40|Any CPU
		{3389524B-1B0B-477D-8ABA-A35F918154F7}.Release45|Any CPU.ActiveCfg = Release45|Any CPU
		{3389524B-1B0B-477D-8ABA-A35F918154F7}.Release45|Any CPU.Build.0 = Release45|Any CPU
		{E6FE00AA-7637-4697-B25B-A3D340596FE7}.Debug40|Any CPU.ActiveCfg = Debug40|Any CPU
		{E6FE00AA-7637-4697-B25B-A3D340596FE7}.Debug40|Any CPU.Build.0 = Debug40|Any CPU
		{E6FE00AA-7637-4697-B25B-A3D340596FE7}.Debug45|Any CPU.ActiveCfg = Debug45|Any CPU
		{E6FE00AA-7637-4697-B25B-A3D340596FE7}.Debug45|Any CPU.Build.0 = Debug45|Any CPU
		{E6FE00AA-7637-4697-B25B-A3D340596FE7}.Release40|Any CPU.ActiveCfg = Release40|Any CPU
		{E6FE00AA-7637-4697-B25B-A3D340596FE7}.Release40|Any CPU.Build.0 = Release40|Any CPU
		{E6FE00AA-7637-4697-B25B-A3D340596FE7}.Release45|Any CPU.ActiveCfg = Release45|Any CPU
		{E6FE00AA-7637-4697-B25B-A3D340596FE7}.Release45|Any CPU.Build.0 = Release45|Any CPU
		{DE7161B6-336C-4D9E-BFA8-7EFE8C3FC4D9}.Debug40|Any CPU.ActiveCfg = Debug40|Any CPU
		{DE7161B6-336C-4D9E-BFA8-7EFE8C3FC4D9}.Debug40|Any CPU.Build.0 = Debug40|Any CPU
		{DE7161B6-336C-4D9E-BFA8-7EFE8C3FC4D9}.Debug45|Any CPU.ActiveCfg = Debug45|Any CPU
		{DE7161B6-336C-4D9E-BFA8-7EFE8C3FC4D9}.Debug45|Any CPU.Build.0 = Debug45|Any CPU
		{DE7161B6-336C-4D9E-BFA8-7EFE8C3FC4D9}.Release40|Any CPU.ActiveCfg = Release40|Any CPU
		{DE7161B6-336C-4D9E-BFA8-7EFE8C3FC4D9}.Release40|Any CPU.Build.0 = Release40|Any CPU
		{DE7161B6-336C-4D9E-BFA8-7EFE8C3FC4D9}.Release45|Any CPU.ActiveCfg = Release45|Any CPU
		{DE7161B6-336C-4D9E-BFA8-7EFE8C3FC4D9}.Release45|Any CPU.Build.0 = Release45|Any CPU
		{AF2D3554-AB15-40CC-8A86-E1161EA75B82}.Debug40|Any CPU.ActiveCfg = Debug40|Any CPU
		{AF2D3554-AB15-40CC-8A86-E1161EA75B82}.Debug40|Any CPU.Build.0 = Debug40|Any CPU
		{AF2D3554-AB15-40CC-8A86-E1161EA75B82}.Debug45|Any CPU.ActiveCfg = Debug45|Any CPU
		{AF2D3554-AB15-40CC-8A86-E1161EA75B82}.Debug45|Any CPU.Build.0 = Debug45|Any CPU
		{AF2D3554-AB15-40CC-8A86-E1161EA75B82}.Release40|Any CPU.ActiveCfg = Release40|Any CPU
		{AF2D3554-AB15-40CC-8A86-E1161EA75B82}.Release40|Any CPU.Build.0 = Release40|Any CPU
		{AF2D3554-AB15-40CC-8A86-E1161EA75B82}.Release45|Any CPU.ActiveCfg = Release45|Any CPU
		{AF2D3554-AB15-40CC-8A86-E1161EA75B82}.Release45|Any CPU.Build.0 = Release45|Any CPU
		{201AF3B1-DB1D-4CF0-85A3-E03295DBE36F}.Debug40|Any CPU.ActiveCfg = Debug40|Any CPU
		{201AF3B1-DB1D-4CF0-85A3-E03295DBE36F}.Debug40|Any CPU.Build.0 = Debug40|Any CPU
		{201AF3B1-DB1D-4CF0-85A3-E03295DBE36F}.Debug45|Any CPU.ActiveCfg = Debug45|Any CPU
		{201AF3B1-DB1D-4CF0-85A3-E03295DBE36F}.Debug45|Any CPU.Build.0 = Debug45|Any CPU
		{201AF3B1-DB1D-4CF0-85A3-E03295DBE36F}.Release40|Any CPU.ActiveCfg = Release40|Any CPU
		{201AF3B1-DB1D-4CF0-85A3-E03295DBE36F}.Release40|Any CPU.Build.0 = Release40|Any CPU
		{201AF3B1-DB1D-4CF0-85A3-E03295DBE36F}.Release45|Any CPU.ActiveCfg = Release45|Any CPU
		{201AF3B1-DB1D-4CF0-85A3-E03295DBE36F}.Release45|Any CPU.Build.0 = Release45|Any CPU
	EndGlobalSection
	GlobalSection(SolutionProperties) = preSolution
		HideSolutionNode = FALSE
	EndGlobalSection
EndGlobal
