
Microsoft Visual Studio Solution File, Format Version 12.00
# Visual Studio 15
VisualStudioVersion = 15.0.26228.4
MinimumVisualStudioVersion = 10.0.40219.1
Project("{FAE04EC0-301F-11D3-BF4B-00C04F79EFBC}") = "Logify.Alert.NetCore.Core", "Logify.Alert.Core\Logify.Alert.NetCore.Core.csproj", "{870A9A50-1778-4980-9771-93E2B7FA9E86}"
EndProject
Project("{FAE04EC0-301F-11D3-BF4B-00C04F79EFBC}") = "Logify.Alert.NetCore.Web", "Logify.Alert.NetCore.Web\Logify.Alert.NetCore.Web.csproj", "{719CC5ED-B800-494E-AE2D-F95DC7293E8B}"
EndProject
Project("{FAE04EC0-301F-11D3-BF4B-00C04F79EFBC}") = "Logify.Alert.NetCore.Console", "Logify.Alert.NetCore.Console\Logify.Alert.NetCore.Console.csproj", "{80185041-6B5D-4BDA-8B5D-1E1873DA83C6}"
EndProject
Project("{FAE04EC0-301F-11D3-BF4B-00C04F79EFBC}") = "Logify.Alert.Xamarin.Android", "Logify.Alert.Xamarin.Android\Logify.Alert.Xamarin.Android.csproj", "{D628501A-1C11-4ABF-9EB4-43C402D7D8BF}"
EndProject
Project("{FAE04EC0-301F-11D3-BF4B-00C04F79EFBC}") = "Logify.Alert.Xamarin.iOS.Unified", "Logify.Alert.Xamarin.iOS.Unified\Logify.Alert.Xamarin.iOS.Unified.csproj", "{159A7E1D-890B-4BFC-B033-0CFCA2D55BD6}"
EndProject
Global
	GlobalSection(SolutionConfigurationPlatforms) = preSolution
		Debug|Any CPU = Debug|Any CPU
		Debug|x64 = Debug|x64
		Debug|x86 = Debug|x86
		Release|Any CPU = Release|Any CPU
		Release|x64 = Release|x64
		Release|x86 = Release|x86
	EndGlobalSection
	GlobalSection(ProjectConfigurationPlatforms) = postSolution
		{870A9A50-1778-4980-9771-93E2B7FA9E86}.Debug|Any CPU.ActiveCfg = Debug|Any CPU
		{870A9A50-1778-4980-9771-93E2B7FA9E86}.Debug|Any CPU.Build.0 = Debug|Any CPU
		{870A9A50-1778-4980-9771-93E2B7FA9E86}.Debug|x64.ActiveCfg = Debug|Any CPU
		{870A9A50-1778-4980-9771-93E2B7FA9E86}.Debug|x64.Build.0 = Debug|Any CPU
		{870A9A50-1778-4980-9771-93E2B7FA9E86}.Debug|x86.ActiveCfg = Debug|Any CPU
		{870A9A50-1778-4980-9771-93E2B7FA9E86}.Debug|x86.Build.0 = Debug|Any CPU
		{870A9A50-1778-4980-9771-93E2B7FA9E86}.Release|Any CPU.ActiveCfg = Release|Any CPU
		{870A9A50-1778-4980-9771-93E2B7FA9E86}.Release|Any CPU.Build.0 = Release|Any CPU
		{870A9A50-1778-4980-9771-93E2B7FA9E86}.Release|x64.ActiveCfg = Release|Any CPU
		{870A9A50-1778-4980-9771-93E2B7FA9E86}.Release|x64.Build.0 = Release|Any CPU
		{870A9A50-1778-4980-9771-93E2B7FA9E86}.Release|x86.ActiveCfg = Release|Any CPU
		{870A9A50-1778-4980-9771-93E2B7FA9E86}.Release|x86.Build.0 = Release|Any CPU
		{719CC5ED-B800-494E-AE2D-F95DC7293E8B}.Debug|Any CPU.ActiveCfg = Debug|Any CPU
		{719CC5ED-B800-494E-AE2D-F95DC7293E8B}.Debug|Any CPU.Build.0 = Debug|Any CPU
		{719CC5ED-B800-494E-AE2D-F95DC7293E8B}.Debug|x64.ActiveCfg = Debug|Any CPU
		{719CC5ED-B800-494E-AE2D-F95DC7293E8B}.Debug|x64.Build.0 = Debug|Any CPU
		{719CC5ED-B800-494E-AE2D-F95DC7293E8B}.Debug|x86.ActiveCfg = Debug|Any CPU
		{719CC5ED-B800-494E-AE2D-F95DC7293E8B}.Debug|x86.Build.0 = Debug|Any CPU
		{719CC5ED-B800-494E-AE2D-F95DC7293E8B}.Release|Any CPU.ActiveCfg = Release|Any CPU
		{719CC5ED-B800-494E-AE2D-F95DC7293E8B}.Release|Any CPU.Build.0 = Release|Any CPU
		{719CC5ED-B800-494E-AE2D-F95DC7293E8B}.Release|x64.ActiveCfg = Release|Any CPU
		{719CC5ED-B800-494E-AE2D-F95DC7293E8B}.Release|x64.Build.0 = Release|Any CPU
		{719CC5ED-B800-494E-AE2D-F95DC7293E8B}.Release|x86.ActiveCfg = Release|Any CPU
		{719CC5ED-B800-494E-AE2D-F95DC7293E8B}.Release|x86.Build.0 = Release|Any CPU
		{80185041-6B5D-4BDA-8B5D-1E1873DA83C6}.Debug|Any CPU.ActiveCfg = Debug|Any CPU
		{80185041-6B5D-4BDA-8B5D-1E1873DA83C6}.Debug|Any CPU.Build.0 = Debug|Any CPU
		{80185041-6B5D-4BDA-8B5D-1E1873DA83C6}.Debug|x64.ActiveCfg = Debug|Any CPU
		{80185041-6B5D-4BDA-8B5D-1E1873DA83C6}.Debug|x64.Build.0 = Debug|Any CPU
		{80185041-6B5D-4BDA-8B5D-1E1873DA83C6}.Debug|x86.ActiveCfg = Debug|Any CPU
		{80185041-6B5D-4BDA-8B5D-1E1873DA83C6}.Debug|x86.Build.0 = Debug|Any CPU
		{80185041-6B5D-4BDA-8B5D-1E1873DA83C6}.Release|Any CPU.ActiveCfg = Release|Any CPU
		{80185041-6B5D-4BDA-8B5D-1E1873DA83C6}.Release|Any CPU.Build.0 = Release|Any CPU
		{80185041-6B5D-4BDA-8B5D-1E1873DA83C6}.Release|x64.ActiveCfg = Release|Any CPU
		{80185041-6B5D-4BDA-8B5D-1E1873DA83C6}.Release|x64.Build.0 = Release|Any CPU
		{80185041-6B5D-4BDA-8B5D-1E1873DA83C6}.Release|x86.ActiveCfg = Release|Any CPU
		{80185041-6B5D-4BDA-8B5D-1E1873DA83C6}.Release|x86.Build.0 = Release|Any CPU
		{D628501A-1C11-4ABF-9EB4-43C402D7D8BF}.Debug|Any CPU.ActiveCfg = Debug|Any CPU
		{D628501A-1C11-4ABF-9EB4-43C402D7D8BF}.Debug|Any CPU.Build.0 = Debug|Any CPU
		{D628501A-1C11-4ABF-9EB4-43C402D7D8BF}.Debug|x64.ActiveCfg = Debug|Any CPU
		{D628501A-1C11-4ABF-9EB4-43C402D7D8BF}.Debug|x64.Build.0 = Debug|Any CPU
		{D628501A-1C11-4ABF-9EB4-43C402D7D8BF}.Debug|x86.ActiveCfg = Debug|Any CPU
		{D628501A-1C11-4ABF-9EB4-43C402D7D8BF}.Debug|x86.Build.0 = Debug|Any CPU
		{D628501A-1C11-4ABF-9EB4-43C402D7D8BF}.Release|Any CPU.ActiveCfg = Release|Any CPU
		{D628501A-1C11-4ABF-9EB4-43C402D7D8BF}.Release|Any CPU.Build.0 = Release|Any CPU
		{D628501A-1C11-4ABF-9EB4-43C402D7D8BF}.Release|x64.ActiveCfg = Release|Any CPU
		{D628501A-1C11-4ABF-9EB4-43C402D7D8BF}.Release|x64.Build.0 = Release|Any CPU
		{D628501A-1C11-4ABF-9EB4-43C402D7D8BF}.Release|x86.ActiveCfg = Release|Any CPU
		{D628501A-1C11-4ABF-9EB4-43C402D7D8BF}.Release|x86.Build.0 = Release|Any CPU
		{159A7E1D-890B-4BFC-B033-0CFCA2D55BD6}.Debug|Any CPU.ActiveCfg = Debug|Any CPU
		{159A7E1D-890B-4BFC-B033-0CFCA2D55BD6}.Debug|Any CPU.Build.0 = Debug|Any CPU
		{159A7E1D-890B-4BFC-B033-0CFCA2D55BD6}.Debug|x64.ActiveCfg = Debug|Any CPU
		{159A7E1D-890B-4BFC-B033-0CFCA2D55BD6}.Debug|x64.Build.0 = Debug|Any CPU
		{159A7E1D-890B-4BFC-B033-0CFCA2D55BD6}.Debug|x86.ActiveCfg = Debug|Any CPU
		{159A7E1D-890B-4BFC-B033-0CFCA2D55BD6}.Debug|x86.Build.0 = Debug|Any CPU
		{159A7E1D-890B-4BFC-B033-0CFCA2D55BD6}.Release|Any CPU.ActiveCfg = Release|Any CPU
		{159A7E1D-890B-4BFC-B033-0CFCA2D55BD6}.Release|Any CPU.Build.0 = Release|Any CPU
		{159A7E1D-890B-4BFC-B033-0CFCA2D55BD6}.Release|x64.ActiveCfg = Release|Any CPU
		{159A7E1D-890B-4BFC-B033-0CFCA2D55BD6}.Release|x64.Build.0 = Release|Any CPU
		{159A7E1D-890B-4BFC-B033-0CFCA2D55BD6}.Release|x86.ActiveCfg = Release|Any CPU
		{159A7E1D-890B-4BFC-B033-0CFCA2D55BD6}.Release|x86.Build.0 = Release|Any CPU
	EndGlobalSection
	GlobalSection(SolutionProperties) = preSolution
		HideSolutionNode = FALSE
	EndGlobalSection
	GlobalSection(ExtensibilityGlobals) = postSolution
		SolutionGuid = {DB59B772-986C-4F35-877A-1EBEC71DEDB9}
	EndGlobalSection
EndGlobal
